<?xml version="1.0" encoding="utf-8"?>
<Project ToolsVersion="15.0" xmlns="http://schemas.microsoft.com/developer/msbuild/2003">
  <ItemGroup>
    <CustomBuild Include="E:\git\code\lxl_cpp\client\game_card\tools\build_xlua\build64\CMakeFiles\98c7a002a3b5a4e567e69692be5a8854\generate.stamp.rule">
      <Filter>CMake Rules</Filter>
    </CustomBuild>
  </ItemGroup>
  <ItemGroup>
    <Filter Include="CMake Rules">
      <UniqueIdentifier>{B381DBCE-C4D6-3DF2-B3EA-D84C759D5F18}</UniqueIdentifier>
    </Filter>
  </ItemGroup>
</Project>
